
Microsoft Visual Studio Solution File, Format Version 12.00
# Visual Studio 14
VisualStudioVersion = 14.0.25420.1
MinimumVisualStudioVersion = 10.0.40219.1
Project("{8BC9CEB8-8B4A-11D0-8D11-00A0C91BC942}") = "CliTst", "CliTst\CliTst.vcxproj", "{A2E1EB68-D369-4FF3-ADFA-946B04CB4CEF}"
	ProjectSection(ProjectDependencies) = postProject
		{9CF79696-FE18-47D8-BEB6-75C6D90124D9} = {9CF79696-FE18-47D8-BEB6-75C6D90124D9}
	EndProjectSection
EndProject
Project("{8BC9CEB8-8B4A-11D0-8D11-00A0C91BC942}") = "TSS.CPP", "TSS.MSR.CPP\Src\TSS.CPP.vcxproj", "{9CF79696-FE18-47D8-BEB6-75C6D90124D9}"
EndProject
Project("{8BC9CEB8-8B4A-11D0-8D11-00A0C91BC942}") = "AttestationLib", "AttestationLib\AttestationLib.vcxproj", "{B89009F8-8EC3-47B2-9EFB-99D6BA776428}"
	ProjectSection(ProjectDependencies) = postProject
		{9CF79696-FE18-47D8-BEB6-75C6D90124D9} = {9CF79696-FE18-47D8-BEB6-75C6D90124D9}
	EndProjectSection
EndProject
Project("{8BC9CEB8-8B4A-11D0-8D11-00A0C91BC942}") = "pam_platform_attestation", "pam_platform_attestation\pam_platform_attestation.vcxproj", "{B6BCA3A6-0A1D-4B8B-AD8F-81C00077DD4E}"
	ProjectSection(ProjectDependencies) = postProject
		{B89009F8-8EC3-47B2-9EFB-99D6BA776428} = {B89009F8-8EC3-47B2-9EFB-99D6BA776428}
	EndProjectSection
EndProject
Project("{8BC9CEB8-8B4A-11D0-8D11-00A0C91BC942}") = "libp11platformattestation", "libp11platformattestation\libp11platformattestation.vcxproj", "{AFB40637-731E-4514-B3C2-B2816E4496FA}"
	ProjectSection(ProjectDependencies) = postProject
		{B89009F8-8EC3-47B2-9EFB-99D6BA776428} = {B89009F8-8EC3-47B2-9EFB-99D6BA776428}
	EndProjectSection
EndProject
Global
	GlobalSection(SolutionConfigurationPlatforms) = preSolution
		Debug|x64 = Debug|x64
		Debug|x86 = Debug|x86
		Release|x64 = Release|x64
		Release|x86 = Release|x86
	EndGlobalSection
	GlobalSection(ProjectConfigurationPlatforms) = postSolution
		{A2E1EB68-D369-4FF3-ADFA-946B04CB4CEF}.Debug|x64.ActiveCfg = Debug|x64
		{A2E1EB68-D369-4FF3-ADFA-946B04CB4CEF}.Debug|x64.Build.0 = Debug|x64
		{A2E1EB68-D369-4FF3-ADFA-946B04CB4CEF}.Debug|x86.ActiveCfg = Debug|x64
		{A2E1EB68-D369-4FF3-ADFA-946B04CB4CEF}.Debug|x86.Build.0 = Debug|x64
		{A2E1EB68-D369-4FF3-ADFA-946B04CB4CEF}.Release|x64.ActiveCfg = Release|x64
		{A2E1EB68-D369-4FF3-ADFA-946B04CB4CEF}.Release|x64.Build.0 = Release|x64
		{A2E1EB68-D369-4FF3-ADFA-946B04CB4CEF}.Release|x86.ActiveCfg = Release|Win32
		{A2E1EB68-D369-4FF3-ADFA-946B04CB4CEF}.Release|x86.Build.0 = Release|Win32
		{9CF79696-FE18-47D8-BEB6-75C6D90124D9}.Debug|x64.ActiveCfg = Debug|x64
		{9CF79696-FE18-47D8-BEB6-75C6D90124D9}.Debug|x64.Build.0 = Debug|x64
		{9CF79696-FE18-47D8-BEB6-75C6D90124D9}.Debug|x86.ActiveCfg = Debug|Win32
		{9CF79696-FE18-47D8-BEB6-75C6D90124D9}.Debug|x86.Build.0 = Debug|Win32
		{9CF79696-FE18-47D8-BEB6-75C6D90124D9}.Release|x64.ActiveCfg = Release|Win32
		{9CF79696-FE18-47D8-BEB6-75C6D90124D9}.Release|x86.ActiveCfg = Release|Win32
		{9CF79696-FE18-47D8-BEB6-75C6D90124D9}.Release|x86.Build.0 = Release|Win32
		{B89009F8-8EC3-47B2-9EFB-99D6BA776428}.Debug|x64.ActiveCfg = Debug|x64
		{B89009F8-8EC3-47B2-9EFB-99D6BA776428}.Debug|x64.Build.0 = Debug|x64
		{B89009F8-8EC3-47B2-9EFB-99D6BA776428}.Debug|x86.ActiveCfg = Debug|Win32
		{B89009F8-8EC3-47B2-9EFB-99D6BA776428}.Debug|x86.Build.0 = Debug|Win32
		{B89009F8-8EC3-47B2-9EFB-99D6BA776428}.Release|x64.ActiveCfg = Release|x64
		{B89009F8-8EC3-47B2-9EFB-99D6BA776428}.Release|x64.Build.0 = Release|x64
		{B89009F8-8EC3-47B2-9EFB-99D6BA776428}.Release|x86.ActiveCfg = Release|Win32
		{B89009F8-8EC3-47B2-9EFB-99D6BA776428}.Release|x86.Build.0 = Release|Win32
		{B6BCA3A6-0A1D-4B8B-AD8F-81C00077DD4E}.Debug|x64.ActiveCfg = Debug|x64
		{B6BCA3A6-0A1D-4B8B-AD8F-81C00077DD4E}.Debug|x64.Build.0 = Debug|x64
		{B6BCA3A6-0A1D-4B8B-AD8F-81C00077DD4E}.Debug|x86.ActiveCfg = Debug|Win32
		{B6BCA3A6-0A1D-4B8B-AD8F-81C00077DD4E}.Debug|x86.Build.0 = Debug|Win32
		{B6BCA3A6-0A1D-4B8B-AD8F-81C00077DD4E}.Release|x64.ActiveCfg = Release|x64
		{B6BCA3A6-0A1D-4B8B-AD8F-81C00077DD4E}.Release|x64.Build.0 = Release|x64
		{B6BCA3A6-0A1D-4B8B-AD8F-81C00077DD4E}.Release|x86.ActiveCfg = Release|Win32
		{B6BCA3A6-0A1D-4B8B-AD8F-81C00077DD4E}.Release|x86.Build.0 = Release|Win32
		{AFB40637-731E-4514-B3C2-B2816E4496FA}.Debug|x64.ActiveCfg = Debug|x64
		{AFB40637-731E-4514-B3C2-B2816E4496FA}.Debug|x64.Build.0 = Debug|x64
		{AFB40637-731E-4514-B3C2-B2816E4496FA}.Debug|x86.ActiveCfg = Debug|Win32
		{AFB40637-731E-4514-B3C2-B2816E4496FA}.Debug|x86.Build.0 = Debug|Win32
		{AFB40637-731E-4514-B3C2-B2816E4496FA}.Release|x64.ActiveCfg = Release|x64
		{AFB40637-731E-4514-B3C2-B2816E4496FA}.Release|x64.Build.0 = Release|x64
		{AFB40637-731E-4514-B3C2-B2816E4496FA}.Release|x86.ActiveCfg = Release|Win32
		{AFB40637-731E-4514-B3C2-B2816E4496FA}.Release|x86.Build.0 = Release|Win32
	EndGlobalSection
	GlobalSection(SolutionProperties) = preSolution
		HideSolutionNode = FALSE
	EndGlobalSection
EndGlobal
